
Microsoft Visual Studio Solution File, Format Version 12.00
# Visual Studio Version 17
VisualStudioVersion = 17.0.32014.148
MinimumVisualStudioVersion = 10.0.40219.1
Project("{9A19103F-16F7-4668-BE54-9A1E7A4F7556}") = "book-store.API", "book-store.API.csproj", "{9F242751-5989-4F0B-AB1B-E4083EB04115}"
EndProject
Global
	GlobalSection(SolutionConfigurationPlatforms) = preSolution
		Debug|Any CPU = Debug|Any CPU
		Release|Any CPU = Release|Any CPU
	EndGlobalSection
	GlobalSection(ProjectConfigurationPlatforms) = postSolution
		{9F242751-5989-4F0B-AB1B-E4083EB04115}.Debug|Any CPU.ActiveCfg = Debug|Any CPU
		{9F242751-5989-4F0B-AB1B-E4083EB04115}.Debug|Any CPU.Build.0 = Debug|Any CPU
		{9F242751-5989-4F0B-AB1B-E4083EB04115}.Release|Any CPU.ActiveCfg = Release|Any CPU
		{9F242751-5989-4F0B-AB1B-E4083EB04115}.Release|Any CPU.Build.0 = Release|Any CPU
	EndGlobalSection
	GlobalSection(SolutionProperties) = preSolution
		HideSolutionNode = FALSE
	EndGlobalSection
	GlobalSection(ExtensibilityGlobals) = postSolution
		SolutionGuid = {F5E39CAF-CE45-46B1-A770-E81F383C51DC}
	EndGlobalSection
EndGlobal
